
Microsoft Visual Studio Solution File, Format Version 12.00
# Visual Studio Version 17
VisualStudioVersion = 17.14.36623.8 d17.14
MinimumVisualStudioVersion = 10.0.40219.1
Project("{FAE04EC0-301F-11D3-BF4B-00C04F79EFBC}") = "CloudPiiScannerService", "CloudPiiScannerService\CloudPiiScannerService.csproj", "{C1124649-8358-42F8-B194-2CCD5147084B}"
EndProject
Global
	GlobalSection(SolutionConfigurationPlatforms) = preSolution
		Debug|Any CPU = Debug|Any CPU
		Release|Any CPU = Release|Any CPU
	EndGlobalSection
	GlobalSection(ProjectConfigurationPlatforms) = postSolution
		{C1124649-8358-42F8-B194-2CCD5147084B}.Debug|Any CPU.ActiveCfg = Debug|Any CPU
		{C1124649-8358-42F8-B194-2CCD5147084B}.Debug|Any CPU.Build.0 = Debug|Any CPU
		{C1124649-8358-42F8-B194-2CCD5147084B}.Release|Any CPU.ActiveCfg = Release|Any CPU
		{C1124649-8358-42F8-B194-2CCD5147084B}.Release|Any CPU.Build.0 = Release|Any CPU
	EndGlobalSection
	GlobalSection(SolutionProperties) = preSolution
		HideSolutionNode = FALSE
	EndGlobalSection
	GlobalSection(ExtensibilityGlobals) = postSolution
		SolutionGuid = {EE9C7FF0-7C5E-478D-98E0-C35B3CC8DECE}
	EndGlobalSection
EndGlobal
